
Microsoft Visual Studio Solution File, Format Version 12.00
# Visual Studio Version 17
VisualStudioVersion = 17.9.34607.119
MinimumVisualStudioVersion = 10.0.40219.1
Project("{9A19103F-16F7-4668-BE54-9A1E7A4F7556}") = "EgitimTakip.Web", "EgitimTakip.Web\EgitimTakip.Web.csproj", "{8DE7C3AF-697F-4780-A891-A1EFE69C1C45}"
EndProject
Project("{9A19103F-16F7-4668-BE54-9A1E7A4F7556}") = "EgitimTakip.Models", "EgitimTakip.Models\EgitimTakip.Models.csproj", "{0D7FACED-20CC-4233-A526-328B988B042E}"
EndProject
Project("{9A19103F-16F7-4668-BE54-9A1E7A4F7556}") = "EgitimTakip.Data", "EgitimTakip.Data\EgitimTakip.Data.csproj", "{173A4913-474E-4594-A4B5-CD004992F492}"
EndProject
Project("{FAE04EC0-301F-11D3-BF4B-00C04F79EFBC}") = "Repository", "Repository\Repository.csproj", "{D6DFE20A-CA38-47BF-9D7D-7BC41BBE55ED}"
EndProject
Global
	GlobalSection(SolutionConfigurationPlatforms) = preSolution
		Debug|Any CPU = Debug|Any CPU
		Release|Any CPU = Release|Any CPU
	EndGlobalSection
	GlobalSection(ProjectConfigurationPlatforms) = postSolution
		{8DE7C3AF-697F-4780-A891-A1EFE69C1C45}.Debug|Any CPU.ActiveCfg = Debug|Any CPU
		{8DE7C3AF-697F-4780-A891-A1EFE69C1C45}.Debug|Any CPU.Build.0 = Debug|Any CPU
		{8DE7C3AF-697F-4780-A891-A1EFE69C1C45}.Release|Any CPU.ActiveCfg = Release|Any CPU
		{8DE7C3AF-697F-4780-A891-A1EFE69C1C45}.Release|Any CPU.Build.0 = Release|Any CPU
		{0D7FACED-20CC-4233-A526-328B988B042E}.Debug|Any CPU.ActiveCfg = Debug|Any CPU
		{0D7FACED-20CC-4233-A526-328B988B042E}.Debug|Any CPU.Build.0 = Debug|Any CPU
		{0D7FACED-20CC-4233-A526-328B988B042E}.Release|Any CPU.ActiveCfg = Release|Any CPU
		{0D7FACED-20CC-4233-A526-328B988B042E}.Release|Any CPU.Build.0 = Release|Any CPU
		{173A4913-474E-4594-A4B5-CD004992F492}.Debug|Any CPU.ActiveCfg = Debug|Any CPU
		{173A4913-474E-4594-A4B5-CD004992F492}.Debug|Any CPU.Build.0 = Debug|Any CPU
		{173A4913-474E-4594-A4B5-CD004992F492}.Release|Any CPU.ActiveCfg = Release|Any CPU
		{173A4913-474E-4594-A4B5-CD004992F492}.Release|Any CPU.Build.0 = Release|Any CPU
		{D6DFE20A-CA38-47BF-9D7D-7BC41BBE55ED}.Debug|Any CPU.ActiveCfg = Debug|Any CPU
		{D6DFE20A-CA38-47BF-9D7D-7BC41BBE55ED}.Debug|Any CPU.Build.0 = Debug|Any CPU
		{D6DFE20A-CA38-47BF-9D7D-7BC41BBE55ED}.Release|Any CPU.ActiveCfg = Release|Any CPU
		{D6DFE20A-CA38-47BF-9D7D-7BC41BBE55ED}.Release|Any CPU.Build.0 = Release|Any CPU
	EndGlobalSection
	GlobalSection(SolutionProperties) = preSolution
		HideSolutionNode = FALSE
	EndGlobalSection
	GlobalSection(ExtensibilityGlobals) = postSolution
		SolutionGuid = {BDA91D98-2945-4059-8833-44327BE60AA8}
	EndGlobalSection
EndGlobal
